
Microsoft Visual Studio Solution File, Format Version 12.00
# Visual Studio 15
Project("{FAE04EC0-301F-11D3-BF4B-00C04F79EFBC}") = "3D_Inspired_User_Interfaces", "3D_Inspired_User_Interfaces.csproj", "{A48A1ADA-7EA0-920C-3F97-FBA1FEB93F0E}"
EndProject
Project("{FAE04EC0-301F-11D3-BF4B-00C04F79EFBC}") = "3D_Inspired_User_Interfaces.Plugins", "3D_Inspired_User_Interfaces.Plugins.csproj", "{2C8BE22A-D581-9C1E-9506-A4674D3FB6E0}"
EndProject
Project("{FAE04EC0-301F-11D3-BF4B-00C04F79EFBC}") = "3D_Inspired_User_Interfaces.Editor.Plugins", "3D_Inspired_User_Interfaces.Editor.Plugins.csproj", "{70DE846A-D383-C27C-646E-234DCFC248C0}"
EndProject
Project("{FAE04EC0-301F-11D3-BF4B-00C04F79EFBC}") = "3D_Inspired_User_Interfaces.Editor", "3D_Inspired_User_Interfaces.Editor.csproj", "{13DD1227-453D-D06B-D613-28AAA5E1C25B}"
EndProject
Global
	GlobalSection(SolutionConfigurationPlatforms) = preSolution
		Debug|Any CPU = Debug|Any CPU
		Release|Any CPU = Release|Any CPU
	EndGlobalSection
	GlobalSection(ProjectConfigurationPlatforms) = postSolution
		{A48A1ADA-7EA0-920C-3F97-FBA1FEB93F0E}.Debug|Any CPU.ActiveCfg = Debug|Any CPU
		{A48A1ADA-7EA0-920C-3F97-FBA1FEB93F0E}.Debug|Any CPU.Build.0 = Debug|Any CPU
		{A48A1ADA-7EA0-920C-3F97-FBA1FEB93F0E}.Release|Any CPU.ActiveCfg = Release|Any CPU
		{A48A1ADA-7EA0-920C-3F97-FBA1FEB93F0E}.Release|Any CPU.Build.0 = Release|Any CPU
		{2C8BE22A-D581-9C1E-9506-A4674D3FB6E0}.Debug|Any CPU.ActiveCfg = Debug|Any CPU
		{2C8BE22A-D581-9C1E-9506-A4674D3FB6E0}.Debug|Any CPU.Build.0 = Debug|Any CPU
		{2C8BE22A-D581-9C1E-9506-A4674D3FB6E0}.Release|Any CPU.ActiveCfg = Release|Any CPU
		{2C8BE22A-D581-9C1E-9506-A4674D3FB6E0}.Release|Any CPU.Build.0 = Release|Any CPU
		{70DE846A-D383-C27C-646E-234DCFC248C0}.Debug|Any CPU.ActiveCfg = Debug|Any CPU
		{70DE846A-D383-C27C-646E-234DCFC248C0}.Debug|Any CPU.Build.0 = Debug|Any CPU
		{70DE846A-D383-C27C-646E-234DCFC248C0}.Release|Any CPU.ActiveCfg = Release|Any CPU
		{70DE846A-D383-C27C-646E-234DCFC248C0}.Release|Any CPU.Build.0 = Release|Any CPU
		{13DD1227-453D-D06B-D613-28AAA5E1C25B}.Debug|Any CPU.ActiveCfg = Debug|Any CPU
		{13DD1227-453D-D06B-D613-28AAA5E1C25B}.Debug|Any CPU.Build.0 = Debug|Any CPU
		{13DD1227-453D-D06B-D613-28AAA5E1C25B}.Release|Any CPU.ActiveCfg = Release|Any CPU
		{13DD1227-453D-D06B-D613-28AAA5E1C25B}.Release|Any CPU.Build.0 = Release|Any CPU
	EndGlobalSection
	GlobalSection(SolutionProperties) = preSolution
		HideSolutionNode = FALSE
	EndGlobalSection
EndGlobal
